
Microsoft Visual Studio Solution File, Format Version 12.00
# Visual Studio Version 18
VisualStudioVersion = 18.1.11312.151 d18.0
MinimumVisualStudioVersion = 10.0.40219.1
Project("{2150E333-8FDC-42A3-9474-1A3956D46DE8}") = "src", "src", "{827E0CD3-B72D-47B6-A68D-7590B98EB39B}"
EndProject
Project("{FAE04EC0-301F-11D3-BF4B-00C04F79EFBC}") = "GridlinesOverlay.Controls", "src\GridlinesOverlay.Controls\GridlinesOverlay.Controls.csproj", "{CF8970FA-1F6C-424D-838B-46EA629BB04E}"
EndProject
Project("{2150E333-8FDC-42A3-9474-1A3956D46DE8}") = "samples", "samples", "{5D20AA90-6969-D8BD-9DCD-8634F4692FDA}"
EndProject
Project("{2150E333-8FDC-42A3-9474-1A3956D46DE8}") = "GridlinesOverlay.Sample", "GridlinesOverlay.Sample", "{5E4FE494-C83B-4D3A-A145-1B7BAC412555}"
EndProject
Project("{FAE04EC0-301F-11D3-BF4B-00C04F79EFBC}") = "GridlinesOverlay.Sample", "samples\GridlinesOverlay.Sample\GridlinesOverlay.Sample\GridlinesOverlay.Sample.csproj", "{C7A82410-DFBA-4146-9D4D-F84BDF747179}"
EndProject
Project("{2150E333-8FDC-42A3-9474-1A3956D46DE8}") = "Solution Items", "Solution Items", "{59CAF381-1458-4B3F-A8D6-2E48D96FA6C7}"
	ProjectSection(SolutionItems) = preProject
		global.json = global.json
	EndProjectSection
EndProject
Global
	GlobalSection(SolutionConfigurationPlatforms) = preSolution
		Debug|Any CPU = Debug|Any CPU
		Debug|x64 = Debug|x64
		Debug|x86 = Debug|x86
		Release|Any CPU = Release|Any CPU
		Release|x64 = Release|x64
		Release|x86 = Release|x86
	EndGlobalSection
	GlobalSection(ProjectConfigurationPlatforms) = postSolution
		{CF8970FA-1F6C-424D-838B-46EA629BB04E}.Debug|Any CPU.ActiveCfg = Debug|Any CPU
		{CF8970FA-1F6C-424D-838B-46EA629BB04E}.Debug|Any CPU.Build.0 = Debug|Any CPU
		{CF8970FA-1F6C-424D-838B-46EA629BB04E}.Debug|x64.ActiveCfg = Debug|Any CPU
		{CF8970FA-1F6C-424D-838B-46EA629BB04E}.Debug|x64.Build.0 = Debug|Any CPU
		{CF8970FA-1F6C-424D-838B-46EA629BB04E}.Debug|x86.ActiveCfg = Debug|Any CPU
		{CF8970FA-1F6C-424D-838B-46EA629BB04E}.Debug|x86.Build.0 = Debug|Any CPU
		{CF8970FA-1F6C-424D-838B-46EA629BB04E}.Release|Any CPU.ActiveCfg = Release|Any CPU
		{CF8970FA-1F6C-424D-838B-46EA629BB04E}.Release|Any CPU.Build.0 = Release|Any CPU
		{CF8970FA-1F6C-424D-838B-46EA629BB04E}.Release|x64.ActiveCfg = Release|Any CPU
		{CF8970FA-1F6C-424D-838B-46EA629BB04E}.Release|x64.Build.0 = Release|Any CPU
		{CF8970FA-1F6C-424D-838B-46EA629BB04E}.Release|x86.ActiveCfg = Release|Any CPU
		{CF8970FA-1F6C-424D-838B-46EA629BB04E}.Release|x86.Build.0 = Release|Any CPU
		{C7A82410-DFBA-4146-9D4D-F84BDF747179}.Debug|Any CPU.ActiveCfg = Debug|Any CPU
		{C7A82410-DFBA-4146-9D4D-F84BDF747179}.Debug|Any CPU.Build.0 = Debug|Any CPU
		{C7A82410-DFBA-4146-9D4D-F84BDF747179}.Debug|Any CPU.Deploy.0 = Debug|Any CPU
		{C7A82410-DFBA-4146-9D4D-F84BDF747179}.Debug|x64.ActiveCfg = Debug|Any CPU
		{C7A82410-DFBA-4146-9D4D-F84BDF747179}.Debug|x64.Build.0 = Debug|Any CPU
		{C7A82410-DFBA-4146-9D4D-F84BDF747179}.Debug|x86.ActiveCfg = Debug|Any CPU
		{C7A82410-DFBA-4146-9D4D-F84BDF747179}.Debug|x86.Build.0 = Debug|Any CPU
		{C7A82410-DFBA-4146-9D4D-F84BDF747179}.Release|Any CPU.ActiveCfg = Release|Any CPU
		{C7A82410-DFBA-4146-9D4D-F84BDF747179}.Release|Any CPU.Build.0 = Release|Any CPU
		{C7A82410-DFBA-4146-9D4D-F84BDF747179}.Release|x64.ActiveCfg = Release|Any CPU
		{C7A82410-DFBA-4146-9D4D-F84BDF747179}.Release|x64.Build.0 = Release|Any CPU
		{C7A82410-DFBA-4146-9D4D-F84BDF747179}.Release|x86.ActiveCfg = Release|Any CPU
		{C7A82410-DFBA-4146-9D4D-F84BDF747179}.Release|x86.Build.0 = Release|Any CPU
	EndGlobalSection
	GlobalSection(SolutionProperties) = preSolution
		HideSolutionNode = FALSE
	EndGlobalSection
	GlobalSection(NestedProjects) = preSolution
		{CF8970FA-1F6C-424D-838B-46EA629BB04E} = {59CAF381-1458-4B3F-A8D6-2E48D96FA6C7}
		{5E4FE494-C83B-4D3A-A145-1B7BAC412555} = {5D20AA90-6969-D8BD-9DCD-8634F4692FDA}
		{C7A82410-DFBA-4146-9D4D-F84BDF747179} = {5E4FE494-C83B-4D3A-A145-1B7BAC412555}
	EndGlobalSection
	GlobalSection(ExtensibilityGlobals) = postSolution
		SolutionGuid = {28CE1BD1-0EBF-41A3-91CE-100B96E3D642}
	EndGlobalSection
EndGlobal
